
Microsoft Visual Studio Solution File, Format Version 12.00
# Visual Studio 14
VisualStudioVersion = 14.0.25420.1
MinimumVisualStudioVersion = 10.0.40219.1
Project("{FAE04EC0-301F-11D3-BF4B-00C04F79EFBC}") = "RESTWebAPI", "RESTWebAPI\RESTWebAPI.csproj", "{C9271AA3-4574-4617-9E3A-0B445AA77399}"
EndProject
Project("{FAE04EC0-301F-11D3-BF4B-00C04F79EFBC}") = "RESTWebAPI.Tests", "RESTWebAPI.Tests\RESTWebAPI.Tests.csproj", "{D7D621A8-D8A3-4F7C-9282-0DB6C98BE295}"
EndProject
Global
	GlobalSection(SolutionConfigurationPlatforms) = preSolution
		Debug|Any CPU = Debug|Any CPU
		Release|Any CPU = Release|Any CPU
	EndGlobalSection
	GlobalSection(ProjectConfigurationPlatforms) = postSolution
		{C9271AA3-4574-4617-9E3A-0B445AA77399}.Debug|Any CPU.ActiveCfg = Debug|Any CPU
		{C9271AA3-4574-4617-9E3A-0B445AA77399}.Debug|Any CPU.Build.0 = Debug|Any CPU
		{C9271AA3-4574-4617-9E3A-0B445AA77399}.Release|Any CPU.ActiveCfg = Release|Any CPU
		{C9271AA3-4574-4617-9E3A-0B445AA77399}.Release|Any CPU.Build.0 = Release|Any CPU
		{D7D621A8-D8A3-4F7C-9282-0DB6C98BE295}.Debug|Any CPU.ActiveCfg = Debug|Any CPU
		{D7D621A8-D8A3-4F7C-9282-0DB6C98BE295}.Debug|Any CPU.Build.0 = Debug|Any CPU
		{D7D621A8-D8A3-4F7C-9282-0DB6C98BE295}.Release|Any CPU.ActiveCfg = Release|Any CPU
		{D7D621A8-D8A3-4F7C-9282-0DB6C98BE295}.Release|Any CPU.Build.0 = Release|Any CPU
	EndGlobalSection
	GlobalSection(SolutionProperties) = preSolution
		HideSolutionNode = FALSE
	EndGlobalSection
EndGlobal
